
Microsoft Visual Studio Solution File, Format Version 12.00
# Visual Studio Version 16
VisualStudioVersion = 16.0.30503.244
MinimumVisualStudioVersion = 10.0.40219.1
Project("{FAE04EC0-301F-11D3-BF4B-00C04F79EFBC}") = "File_FileInfo", "File_FileInfo\File_FileInfo.csproj", "{6DAAD327-8BDF-466E-927D-3CF5D20F1D4C}"
EndProject
Global
	GlobalSection(SolutionConfigurationPlatforms) = preSolution
		Debug|Any CPU = Debug|Any CPU
		Release|Any CPU = Release|Any CPU
	EndGlobalSection
	GlobalSection(ProjectConfigurationPlatforms) = postSolution
		{6DAAD327-8BDF-466E-927D-3CF5D20F1D4C}.Debug|Any CPU.ActiveCfg = Debug|Any CPU
		{6DAAD327-8BDF-466E-927D-3CF5D20F1D4C}.Debug|Any CPU.Build.0 = Debug|Any CPU
		{6DAAD327-8BDF-466E-927D-3CF5D20F1D4C}.Release|Any CPU.ActiveCfg = Release|Any CPU
		{6DAAD327-8BDF-466E-927D-3CF5D20F1D4C}.Release|Any CPU.Build.0 = Release|Any CPU
	EndGlobalSection
	GlobalSection(SolutionProperties) = preSolution
		HideSolutionNode = FALSE
	EndGlobalSection
	GlobalSection(ExtensibilityGlobals) = postSolution
		SolutionGuid = {449E88A4-8B69-457E-93CF-7D0423F14060}
	EndGlobalSection
EndGlobal
